github.com/ChimeraCoder/anaconda v2.0.0+incompatible h1:F0eD7CHXieZ+VLboCD5UAqCeAzJZxcr90zSCcuJopJs=
github.com/ChimeraCoder/anaconda v2.0.0+incompatible/go.mod h1:TCt3MijIq3Qqo9SBtuW/rrM4x7rDfWqYWHj8T7hLcLg=
github.com/ChimeraCoder/tokenbucket v0.0.0-20131201223612-c5a927568de7 h1:r+EmXjfPosKO4wfiMLe1XQictsIlhErTufbWUsjOTZs=
github.com/ChimeraCoder/tokenbucket v0.0.0-20131201223612-c5a927568de7/go.mod h1:b2EuEMLSG9q3bZ95ql1+8oVqzzrTNSiOQqSXWFBzxeI=
github.com/azr/backoff v0.0.0-20160115115103-53511d3c7330 h1:ekDALXAVvY/Ub1UtNta3inKQwZ/jMB/zpOtD8rAYh78=
github.com/azr/backoff v0.0.0-20160115115103-53511d3c7330/go.mod h1:nH+k0SvAt3HeiYyOlJpLLv1HG1p7KWP7qU9QPp2/pCo=
github.com/boltdb/bolt v1.3.1 h1:JQmyP4ZBrce+ZQu0dY660FMfatumYDLun9hBCUVIkF4=
github.com/boltdb/bolt v1.3.1/go.mod h1:clJnj/oiGkjum5o1McbSZDSLxVThjynRyGBgiAx27Ps=
github.com/dghubble/oauth1 v0.4.0 h1:+MpOsgByu02lzT4pRGei5d2p6nAgj8yDwF3RASrgNPQ=
github.com/dghubble/oauth1 v0.4.0/go.mod h1:8V8BMV9DJRREZx/lUaHtrs7GUMXpzbMqJxINCasxYug=
github.com/dustin/go-jsonpointer v0.0.0-20160814072949-ba0abeacc3dc h1:tP7tkU+vIsEOKiK+l/NSLN4uUtkyuxc6hgYpQeCWAeI=
github.com/dustin/go-jsonpointer v0.0.0-20160814072949-ba0abeacc3dc/go.mod h1:ORH5Qp2bskd9NzSfKqAF7tKfONsEkCarTE5ESr/RVBw=
github.com/dustin/gojson v0.0.0-20160307161227-2e71ec9dd5ad h1:Qk76DOWdOp+GlyDKBAG3Klr9cn7N+LcYc82AZ2S7+cA=
github.com/dustin/gojson v0.0.0-20160307161227-2e71ec9dd5ad/go.mod h1:mPKfmRa823oBIgl2r20LeMSpTAteW5j7FLkc0vjmzyQ=
github.com/garyburd/go-oauth v0.0.0-20180319155456-bca2e7f09a17 h1:GOfMz6cRgTJ9jWV0qAezv642OhPnKEG7gtUjJSdStHE=
github.com/garyburd/go-oauth v0.0.0-20180319155456-bca2e7f09a17/go.mod h1:HfkOCN6fkKKaPSAeNq/er3xObxTW4VLeY6UUK895gLQ=
github.com/st3fan/html2text v0.0.0-20170506151237-a2eb2347b62d h1:VCNQm0NCjxuAnue6gGKHiiINNUimCv2uwkuo1xl7wVQ=
github.com/st3fan/html2text v0.0.0-20170506151237-a2eb2347b62d/go.mod h1:f41834JaH6WZ9EhdOYL02PkxpcUQYZX8effu5MkdeQI=
github.com/st3fan/tumblrclient v0.0.0-20180401205933-b4b22d5e5a0a h1:6sEzB520iAgTtAvhbuCnDF3KcN/u61mfCZw4pijF1q0=
github.com/st3fan/tumblrclient v0.0.0-20180401205933-b4b22d5e5a0a/go.mod h1:T75F2/lJLmyGAO6nnpTi/hk+4y1VWPkalUQoFoB3V7Q=
github.com/tumblr/tumblr.go v1.0.0 h1:QGCByhaLNXAMFq5Rjq0tVZ3Oe3wlbuUkprOOI8mtYjU=
github.com/tumblr/tumblr.go v1.0.0/go.mod h1:huMTrAf1GFQP1K/xC72b8H6AaQCFwIjc7yB+AJ2CucY=
golang.org/x/net v0.0.0-20180906233101-161cd47e91fd h1:nTDtHvHSdCn1m6ITfMRqtOd/9+7a3s8RBNOZ3eYZzJA=
golang.org/x/net v0.0.0-20180906233101-161cd47e91fd/go.mod h1:mL1N/T3taQHkDXs73rZJwtUhF3w3ftmwwsq0BUmARs4=
golang.org/x/sys v0.0.0-20180907202204-917fdcba135d h1:kWn1hlsqeUrk6JsLJO0ZFyz9bMg8u85voZlIuc68ZU4=
golang.org/x/sys v0.0.0-20180907202204-917fdcba135d/go.mod h1:STP8DvDyc/dI5b8T5hshtkjS+E42TnysNCUPdjciGhY=
